
Microsoft Visual Studio Solution File, Format Version 12.00
# Visual Studio 15
VisualStudioVersion = 15.0.28307.168
MinimumVisualStudioVersion = 10.0.40219.1
Project("{FAE04EC0-301F-11D3-BF4B-00C04F79EFBC}") = "ZP_GA", "ZP_GA\ZP_GA.csproj", "{508286DD-BAE5-4D4A-9911-C0036055D1E7}"
EndProject
Global
	GlobalSection(SolutionConfigurationPlatforms) = preSolution
		Debug|Any CPU = Debug|Any CPU
		Release|Any CPU = Release|Any CPU
	EndGlobalSection
	GlobalSection(ProjectConfigurationPlatforms) = postSolution
		{508286DD-BAE5-4D4A-9911-C0036055D1E7}.Debug|Any CPU.ActiveCfg = Debug|Any CPU
		{508286DD-BAE5-4D4A-9911-C0036055D1E7}.Debug|Any CPU.Build.0 = Debug|Any CPU
		{508286DD-BAE5-4D4A-9911-C0036055D1E7}.Release|Any CPU.ActiveCfg = Release|Any CPU
		{508286DD-BAE5-4D4A-9911-C0036055D1E7}.Release|Any CPU.Build.0 = Release|Any CPU
	EndGlobalSection
	GlobalSection(SolutionProperties) = preSolution
		HideSolutionNode = FALSE
	EndGlobalSection
	GlobalSection(ExtensibilityGlobals) = postSolution
		SolutionGuid = {1B82A483-BBE5-469F-B67A-3D813A3C00C0}
	EndGlobalSection
EndGlobal
